<?xml version="1.0" encoding="utf-8"?>
<Project ToolsVersion="4.0" xmlns="http://schemas.microsoft.com/developer/msbuild/2003">
  <ItemGroup>
    <Filter Include="Resource Files">
      <UniqueIdentifier>{67DA6AB6-F800-4c08-8B7A-83BB121AAD01}</UniqueIdentifier>
      <Extensions>rc;ico;cur;bmp;dlg;rc2;rct;bin;rgs;gif;jpg;jpeg;jpe;resx;tiff;tif;png;wav;mfcribbon-ms</Extensions>
    </Filter>
    <Filter Include="AI">
      <UniqueIdentifier>{c3c4ad24-6c8f-4362-b1bf-83ee9cd952be}</UniqueIdentifier>
    </Filter>
    <Filter Include="UserInterface">
      <UniqueIdentifier>{680cefad-3491-417c-a4c6-52ba30c6c8e9}</UniqueIdentifier>
    </Filter>
    <Filter Include="Audio">
      <UniqueIdentifier>{a9b50c40-366f-4b5c-b410-cdaa6746d8db}</UniqueIdentifier>
    </Filter>
    <Filter Include="Common">
      <UniqueIdentifier>{ab75d540-07db-458d-8d71-773a5accc879}</UniqueIdentifier>
    </Filter>
    <Filter Include="Image">
      <UniqueIdentifier>{63b419fe-dfa9-4a5d-876a-2d1bd60339f0}</UniqueIdentifier>
    </Filter>
    <Filter Include="Input">
      <UniqueIdentifier>{a654d6ee-d116-49da-b603-8efb5d549396}</UniqueIdentifier>
    </Filter>
    <Filter Include="Math">
      <UniqueIdentifier>{7ee93c2b-b082-47d6-a562-3e31b0f02529}</UniqueIdentifier>
    </Filter>
    <Filter Include="Physics">
      <UniqueIdentifier>{cb2eb9e6-fce3-4a28-9a8e-04bfa7d5462a}</UniqueIdentifier>
    </Filter>
    <Filter Include="Renderer">
      <UniqueIdentifier>{80c87f35-53b2-48e9-945d-29ce92f58ecb}</UniqueIdentifier>
    </Filter>
    <Filter Include="SpatialPartitioning">
      <UniqueIdentifier>{1f02aa17-54e6-4007-9178-2639225728aa}</UniqueIdentifier>
    </Filter>
    <Filter Include="Engine">
      <UniqueIdentifier>{0f4d3914-a26b-49d5-b728-d86345003ac9}</UniqueIdentifier>
    </Filter>
    <Filter Include="ThirdParty">
      <UniqueIdentifier>{6748adf5-cd77-49bd-a316-bdcbc6058416}</UniqueIdentifier>
    </Filter>
    <Filter Include="data">
      <UniqueIdentifier>{09958b57-1fc5-4b44-9bc0-a6682518dca6}</UniqueIdentifier>
    </Filter>
    <Filter Include="data\shaders">
      <UniqueIdentifier>{af703769-3f0e-495d-aa01-e79df75dc046}</UniqueIdentifier>
    </Filter>
    <Filter Include="Renderer\Managers">
      <UniqueIdentifier>{47b88140-f6d1-4e73-aaad-32b5558c67e7}</UniqueIdentifier>
    </Filter>
  </ItemGroup>
  <ItemGroup>
    <ClInclude Include="AI\AI.h">
      <Filter>AI</Filter>
    </ClInclude>
    <ClInclude Include="AI\aStarPathfinding.h">
      <Filter>AI</Filter>
    </ClInclude>
    <ClInclude Include="AI\finiteStateMachine.h">
      <Filter>AI</Filter>
    </ClInclude>
    <ClInclude Include="AI\geneticTraining.h">
      <Filter>AI</Filter>
    </ClInclude>
    <ClInclude Include="AI\genome.h">
      <Filter>AI</Filter>
    </ClInclude>
    <ClInclude Include="AI\neuralNetFeedForward.h">
      <Filter>AI</Filter>
    </ClInclude>
    <ClInclude Include="AI\neuron.h">
      <Filter>AI</Filter>
    </ClInclude>
    <ClInclude Include="AI\neuronLayer.h">
      <Filter>AI</Filter>
    </ClInclude>
    <ClInclude Include="Audio\audio.h">
      <Filter>Audio</Filter>
    </ClInclude>
    <ClInclude Include="Audio\audioEmitter.h">
      <Filter>Audio</Filter>
    </ClInclude>
    <ClInclude Include="Audio\audioManager.h">
      <Filter>Audio</Filter>
    </ClInclude>
    <ClInclude Include="Audio\audioSample.h">
      <Filter>Audio</Filter>
    </ClInclude>
    <ClInclude Include="Common\colour.h">
      <Filter>Common</Filter>
    </ClInclude>
    <ClInclude Include="Common\common.h">
      <Filter>Common</Filter>
    </ClInclude>
    <ClInclude Include="Common\error.h">
      <Filter>Common</Filter>
    </ClInclude>
    <ClInclude Include="Common\fileUtilities.h">
      <Filter>Common</Filter>
    </ClInclude>
    <ClInclude Include="Common\messaging.h">
      <Filter>Common</Filter>
    </ClInclude>
    <ClInclude Include="Common\messagingMessage.h">
      <Filter>Common</Filter>
    </ClInclude>
    <ClInclude Include="Common\messagingService.h">
      <Filter>Common</Filter>
    </ClInclude>
    <ClInclude Include="Common\messagingUser.h">
      <Filter>Common</Filter>
    </ClInclude>
    <ClInclude Include="Common\profiler.h">
      <Filter>Common</Filter>
    </ClInclude>
    <ClInclude Include="Common\singleton.h">
      <Filter>Common</Filter>
    </ClInclude>
    <ClInclude Include="Common\string.h">
      <Filter>Common</Filter>
    </ClInclude>
    <ClInclude Include="Common\templateManager.h">
      <Filter>Common</Filter>
    </ClInclude>
    <ClInclude Include="Common\templateManagerNoRef.h">
      <Filter>Common</Filter>
    </ClInclude>
    <ClInclude Include="Common\templateManagerNoRefLockable.h">
      <Filter>Common</Filter>
    </ClInclude>
    <ClInclude Include="Common\timer.h">
      <Filter>Common</Filter>
    </ClInclude>
    <ClInclude Include="Common\timerMinimal.h">
      <Filter>Common</Filter>
    </ClInclude>
    <ClInclude Include="Common\utilities.h">
      <Filter>Common</Filter>
    </ClInclude>
    <ClInclude Include="Image\image.h">
      <Filter>Image</Filter>
    </ClInclude>
    <ClInclude Include="Image\image2D.h">
      <Filter>Image</Filter>
    </ClInclude>
    <ClInclude Include="Image\imageAtlas.h">
      <Filter>Image</Filter>
    </ClInclude>
    <ClInclude Include="Image\stb_image.h">
      <Filter>Image</Filter>
    </ClInclude>
    <ClInclude Include="Image\stb_image_write.h">
      <Filter>Image</Filter>
    </ClInclude>
    <ClInclude Include="Input\input.h">
      <Filter>Input</Filter>
    </ClInclude>
    <ClInclude Include="Input\inputJoystick.h">
      <Filter>Input</Filter>
    </ClInclude>
    <ClInclude Include="Input\inputKeyboard.h">
      <Filter>Input</Filter>
    </ClInclude>
    <ClInclude Include="Input\inputManager.h">
      <Filter>Input</Filter>
    </ClInclude>
    <ClInclude Include="Input\inputMouse.h">
      <Filter>Input</Filter>
    </ClInclude>
    <ClInclude Include="Math\AABB.h">
      <Filter>Math</Filter>
    </ClInclude>
    <ClInclude Include="Math\frustum.h">
      <Filter>Math</Filter>
    </ClInclude>
    <ClInclude Include="Math\math.h">
      <Filter>Math</Filter>
    </ClInclude>
    <ClInclude Include="Math\mathUtilities.h">
      <Filter>Math</Filter>
    </ClInclude>
    <ClInclude Include="Math\matrix.h">
      <Filter>Math</Filter>
    </ClInclude>
    <ClInclude Include="Math\plane.h">
      <Filter>Math</Filter>
    </ClInclude>
    <ClInclude Include="Math\quaternion.h">
      <Filter>Math</Filter>
    </ClInclude>
    <ClInclude Include="Math\rect.h">
      <Filter>Math</Filter>
    </ClInclude>
    <ClInclude Include="Math\vector2f.h">
      <Filter>Math</Filter>
    </ClInclude>
    <ClInclude Include="Math\vector3f.h">
      <Filter>Math</Filter>
    </ClInclude>
    <ClInclude Include="Math\vector4f.h">
      <Filter>Math</Filter>
    </ClInclude>
    <ClInclude Include="Physics\physics.h">
      <Filter>Physics</Filter>
    </ClInclude>
    <ClInclude Include="SpatialPartitioning\octTree.h">
      <Filter>SpatialPartitioning</Filter>
    </ClInclude>
    <ClInclude Include="SpatialPartitioning\octTreeEntity.h">
      <Filter>SpatialPartitioning</Filter>
    </ClInclude>
    <ClInclude Include="SpatialPartitioning\octTreeNode.h">
      <Filter>SpatialPartitioning</Filter>
    </ClInclude>
    <ClInclude Include="SpatialPartitioning\quadTree.h">
      <Filter>SpatialPartitioning</Filter>
    </ClInclude>
    <ClInclude Include="SpatialPartitioning\quadTreeEntity.h">
      <Filter>SpatialPartitioning</Filter>
    </ClInclude>
    <ClInclude Include="SpatialPartitioning\quadTreeNode.h">
      <Filter>SpatialPartitioning</Filter>
    </ClInclude>
    <ClInclude Include="SpatialPartitioning\spatialPartitioning.h">
      <Filter>SpatialPartitioning</Filter>
    </ClInclude>
    <ClInclude Include="UserInterface\userInterface.h">
      <Filter>UserInterface</Filter>
    </ClInclude>
    <ClInclude Include="DavesCode.h" />
    <ClInclude Include="Renderer\renderer.h">
      <Filter>Renderer</Filter>
    </ClInclude>
    <ClInclude Include="Engine\applicationBase.h">
      <Filter>Engine</Filter>
    </ClInclude>
    <ClInclude Include="Engine\engine.h">
      <Filter>Engine</Filter>
    </ClInclude>
    <ClInclude Include="Engine\settings.h">
      <Filter>Engine</Filter>
    </ClInclude>
    <ClInclude Include="Renderer\vkError.h">
      <Filter>Renderer</Filter>
    </ClInclude>
    <ClInclude Include="Renderer\Managers\fragmentProgram.h">
      <Filter>Renderer\Managers</Filter>
    </ClInclude>
    <ClInclude Include="Renderer\Managers\fragmentProgramManager.h">
      <Filter>Renderer\Managers</Filter>
    </ClInclude>
    <ClInclude Include="Renderer\Managers\texture2D.h">
      <Filter>Renderer\Managers</Filter>
    </ClInclude>
    <ClInclude Include="Renderer\Managers\texture2DManager.h">
      <Filter>Renderer\Managers</Filter>
    </ClInclude>
    <ClInclude Include="Renderer\Managers\vertexBuffer.h">
      <Filter>Renderer\Managers</Filter>
    </ClInclude>
    <ClInclude Include="Renderer\Managers\vertexBufferManager.h">
      <Filter>Renderer\Managers</Filter>
    </ClInclude>
    <ClInclude Include="Renderer\Managers\vertexProgram.h">
      <Filter>Renderer\Managers</Filter>
    </ClInclude>
    <ClInclude Include="Renderer\Managers\vertexProgramManager.h">
      <Filter>Renderer\Managers</Filter>
    </ClInclude>
  </ItemGroup>
  <ItemGroup>
    <ClCompile Include="AI\aStarPathfinding.cpp">
      <Filter>AI</Filter>
    </ClCompile>
    <ClCompile Include="AI\finiteStateMachine.cpp">
      <Filter>AI</Filter>
    </ClCompile>
    <ClCompile Include="AI\geneticTraining.cpp">
      <Filter>AI</Filter>
    </ClCompile>
    <ClCompile Include="AI\genome.cpp">
      <Filter>AI</Filter>
    </ClCompile>
    <ClCompile Include="AI\neuralNetFeedForward.cpp">
      <Filter>AI</Filter>
    </ClCompile>
    <ClCompile Include="AI\neuron.cpp">
      <Filter>AI</Filter>
    </ClCompile>
    <ClCompile Include="AI\neuronLayer.cpp">
      <Filter>AI</Filter>
    </ClCompile>
    <ClCompile Include="Audio\audioEmitter.cpp">
      <Filter>Audio</Filter>
    </ClCompile>
    <ClCompile Include="Audio\audioManager.cpp">
      <Filter>Audio</Filter>
    </ClCompile>
    <ClCompile Include="Audio\audioSample.cpp">
      <Filter>Audio</Filter>
    </ClCompile>
    <ClCompile Include="Common\colour.cpp">
      <Filter>Common</Filter>
    </ClCompile>
    <ClCompile Include="Common\error.cpp">
      <Filter>Common</Filter>
    </ClCompile>
    <ClCompile Include="Common\fileUtilities.cpp">
      <Filter>Common</Filter>
    </ClCompile>
    <ClCompile Include="Common\messaging.cpp">
      <Filter>Common</Filter>
    </ClCompile>
    <ClCompile Include="Common\messagingMessage.cpp">
      <Filter>Common</Filter>
    </ClCompile>
    <ClCompile Include="Common\messagingService.cpp">
      <Filter>Common</Filter>
    </ClCompile>
    <ClCompile Include="Common\messagingUser.cpp">
      <Filter>Common</Filter>
    </ClCompile>
    <ClCompile Include="Common\profiler.cpp">
      <Filter>Common</Filter>
    </ClCompile>
    <ClCompile Include="Common\string.cpp">
      <Filter>Common</Filter>
    </ClCompile>
    <ClCompile Include="Common\timer.cpp">
      <Filter>Common</Filter>
    </ClCompile>
    <ClCompile Include="Common\timer_minimal.cpp">
      <Filter>Common</Filter>
    </ClCompile>
    <ClCompile Include="Common\utilities.cpp">
      <Filter>Common</Filter>
    </ClCompile>
    <ClCompile Include="Image\image2D.cpp">
      <Filter>Image</Filter>
    </ClCompile>
    <ClCompile Include="Image\imageAtlas.cpp">
      <Filter>Image</Filter>
    </ClCompile>
    <ClCompile Include="Input\inputJoystick.cpp">
      <Filter>Input</Filter>
    </ClCompile>
    <ClCompile Include="Input\inputKeyboard.cpp">
      <Filter>Input</Filter>
    </ClCompile>
    <ClCompile Include="Input\inputManager.cpp">
      <Filter>Input</Filter>
    </ClCompile>
    <ClCompile Include="Input\inputMouse.cpp">
      <Filter>Input</Filter>
    </ClCompile>
    <ClCompile Include="Math\AABB.cpp">
      <Filter>Math</Filter>
    </ClCompile>
    <ClCompile Include="Math\frustum.cpp">
      <Filter>Math</Filter>
    </ClCompile>
    <ClCompile Include="Math\mathUtilities.cpp">
      <Filter>Math</Filter>
    </ClCompile>
    <ClCompile Include="Math\matrix.cpp">
      <Filter>Math</Filter>
    </ClCompile>
    <ClCompile Include="Math\plane.cpp">
      <Filter>Math</Filter>
    </ClCompile>
    <ClCompile Include="Math\quaternion.cpp">
      <Filter>Math</Filter>
    </ClCompile>
    <ClCompile Include="Math\rect.cpp">
      <Filter>Math</Filter>
    </ClCompile>
    <ClCompile Include="Math\vector2f.cpp">
      <Filter>Math</Filter>
    </ClCompile>
    <ClCompile Include="Math\vector3f.cpp">
      <Filter>Math</Filter>
    </ClCompile>
    <ClCompile Include="Math\vector4f.cpp">
      <Filter>Math</Filter>
    </ClCompile>
    <ClCompile Include="SpatialPartitioning\octTree.cpp">
      <Filter>SpatialPartitioning</Filter>
    </ClCompile>
    <ClCompile Include="SpatialPartitioning\octTreeEntity.cpp">
      <Filter>SpatialPartitioning</Filter>
    </ClCompile>
    <ClCompile Include="SpatialPartitioning\octTreeNode.cpp">
      <Filter>SpatialPartitioning</Filter>
    </ClCompile>
    <ClCompile Include="SpatialPartitioning\quadTree.cpp">
      <Filter>SpatialPartitioning</Filter>
    </ClCompile>
    <ClCompile Include="SpatialPartitioning\quadTreeEntity.cpp">
      <Filter>SpatialPartitioning</Filter>
    </ClCompile>
    <ClCompile Include="SpatialPartitioning\quadTreeNode.cpp">
      <Filter>SpatialPartitioning</Filter>
    </ClCompile>
    <ClCompile Include="Renderer\renderer.cpp">
      <Filter>Renderer</Filter>
    </ClCompile>
    <ClCompile Include="Engine\applicationBase.cpp">
      <Filter>Engine</Filter>
    </ClCompile>
    <ClCompile Include="Engine\engine.cpp">
      <Filter>Engine</Filter>
    </ClCompile>
    <ClCompile Include="Engine\settings.cpp">
      <Filter>Engine</Filter>
    </ClCompile>
    <ClCompile Include="Renderer\Managers\fragmentProgram.cpp">
      <Filter>Renderer\Managers</Filter>
    </ClCompile>
    <ClCompile Include="Renderer\Managers\fragmentProgramManager.cpp">
      <Filter>Renderer\Managers</Filter>
    </ClCompile>
    <ClCompile Include="Renderer\Managers\texture2D.cpp">
      <Filter>Renderer\Managers</Filter>
    </ClCompile>
    <ClCompile Include="Renderer\Managers\texture2DManager.cpp">
      <Filter>Renderer\Managers</Filter>
    </ClCompile>
    <ClCompile Include="Renderer\Managers\vertexBuffer.cpp">
      <Filter>Renderer\Managers</Filter>
    </ClCompile>
    <ClCompile Include="Renderer\Managers\vertexBufferManager.cpp">
      <Filter>Renderer\Managers</Filter>
    </ClCompile>
    <ClCompile Include="Renderer\Managers\vertexProgram.cpp">
      <Filter>Renderer\Managers</Filter>
    </ClCompile>
    <ClCompile Include="Renderer\Managers\vertexProgramManager.cpp">
      <Filter>Renderer\Managers</Filter>
    </ClCompile>
    <ClCompile Include="Renderer\DELETEME_OLD_CODE_FOR_RENDERER.cpp">
      <Filter>Renderer</Filter>
    </ClCompile>
  </ItemGroup>
  <ItemGroup>
    <None Include="..\data\shaders\old_default.frag">
      <Filter>data\shaders</Filter>
    </None>
    <None Include="..\data\shaders\old_default.vert">
      <Filter>data\shaders</Filter>
    </None>
    <None Include="..\data\shaders\old_coloured_triangle.frag">
      <Filter>data\shaders</Filter>
    </None>
    <None Include="..\data\shaders\old_coloured_triangle.vert">
      <Filter>data\shaders</Filter>
    </None>
  </ItemGroup>
</Project>