
Microsoft Visual Studio Solution File, Format Version 12.00
# Visual Studio Version 17
VisualStudioVersion = 17.7.34031.279
MinimumVisualStudioVersion = 10.0.40219.1
Project("{2150E333-8FDC-42A3-9474-1A3956D46DE8}") = "projects", "projects", "{528A6620-C4F1-4027-8A8B-1A7F4BE6974A}"
EndProject
Project("{2150E333-8FDC-42A3-9474-1A3956D46DE8}") = "staticLibs", "staticLibs", "{1904F7A8-0A3C-48C1-9D30-A706A9F8B7EC}"
EndProject
Project("{2150E333-8FDC-42A3-9474-1A3956D46DE8}") = "executables", "executables", "{CCCA168C-4AE0-4C51-9DD8-61ED9054CE58}"
EndProject
Project("{8BC9CEB8-8B4A-11D0-8D11-00A0C91BC942}") = "DCAI", "projects\staticLibs\DCAI\DCAI.vcxproj", "{273A3CBB-32E7-43FD-B7CF-356EE9F89A1A}"
EndProject
Project("{8BC9CEB8-8B4A-11D0-8D11-00A0C91BC942}") = "DCAudio", "projects\staticLibs\DCAudio\DCAudio.vcxproj", "{2528B336-E6FA-4AFB-98BC-5A4A633E9D34}"
EndProject
Project("{8BC9CEB8-8B4A-11D0-8D11-00A0C91BC942}") = "DCCommon", "projects\staticLibs\DCCommon\DCCommon.vcxproj", "{43C173DE-3B5C-4D6E-AE44-542E1320163C}"
EndProject
Project("{8BC9CEB8-8B4A-11D0-8D11-00A0C91BC942}") = "DCInput", "projects\staticLibs\DCInput\DCInput.vcxproj", "{903B2D4D-6A6D-4BA4-8A89-BF6853BC6D3E}"
EndProject
Project("{8BC9CEB8-8B4A-11D0-8D11-00A0C91BC942}") = "DCPhysics", "projects\staticLibs\DCPhysics\DCPhysics.vcxproj", "{B82E10B6-633A-4565-AFC4-F6F220D25290}"
EndProject
Project("{8BC9CEB8-8B4A-11D0-8D11-00A0C91BC942}") = "DCRenderer", "projects\staticLibs\DCRenderer\DCRenderer.vcxproj", "{A1F66E6E-1BDA-4DBB-A1BE-BA4E8A682B20}"
EndProject
Project("{8BC9CEB8-8B4A-11D0-8D11-00A0C91BC942}") = "DCUI", "projects\staticLibs\DCUI\DCUI.vcxproj", "{F4F82694-457F-4897-A9FC-EE7D756260D4}"
EndProject
Project("{8BC9CEB8-8B4A-11D0-8D11-00A0C91BC942}") = "DCDevApp", "projects\executables\DCDevApp\DCDevApp.vcxproj", "{434E6CFE-4574-45FF-B891-117D8548C9B9}"
	ProjectSection(ProjectDependencies) = postProject
		{2528B336-E6FA-4AFB-98BC-5A4A633E9D34} = {2528B336-E6FA-4AFB-98BC-5A4A633E9D34}
		{273A3CBB-32E7-43FD-B7CF-356EE9F89A1A} = {273A3CBB-32E7-43FD-B7CF-356EE9F89A1A}
		{43C173DE-3B5C-4D6E-AE44-542E1320163C} = {43C173DE-3B5C-4D6E-AE44-542E1320163C}
		{45A603D3-7E2F-4DEF-9145-5EC75AB54916} = {45A603D3-7E2F-4DEF-9145-5EC75AB54916}
		{903B2D4D-6A6D-4BA4-8A89-BF6853BC6D3E} = {903B2D4D-6A6D-4BA4-8A89-BF6853BC6D3E}
		{A1F66E6E-1BDA-4DBB-A1BE-BA4E8A682B20} = {A1F66E6E-1BDA-4DBB-A1BE-BA4E8A682B20}
		{B82E10B6-633A-4565-AFC4-F6F220D25290} = {B82E10B6-633A-4565-AFC4-F6F220D25290}
		{F4F82694-457F-4897-A9FC-EE7D756260D4} = {F4F82694-457F-4897-A9FC-EE7D756260D4}
	EndProjectSection
EndProject
Project("{8BC9CEB8-8B4A-11D0-8D11-00A0C91BC942}") = "DCImage", "projects\staticLibs\DCImage\DCImage.vcxproj", "{45A603D3-7E2F-4DEF-9145-5EC75AB54916}"
EndProject
Project("{8BC9CEB8-8B4A-11D0-8D11-00A0C91BC942}") = "DCMath", "projects\staticLibs\DCMath\DCMath.vcxproj", "{0DB78F44-A87A-4614-9B1E-F5B391852B5B}"
EndProject
Project("{2150E333-8FDC-42A3-9474-1A3956D46DE8}") = "Solution Items", "Solution Items", "{C23F85E9-E978-43E0-8174-81AD31419399}"
	ProjectSection(SolutionItems) = preProject
		new_project.txt = new_project.txt
		README.md = README.md
	EndProjectSection
EndProject
Global
	GlobalSection(SolutionConfigurationPlatforms) = preSolution
		Debug|x64 = Debug|x64
		Release|x64 = Release|x64
	EndGlobalSection
	GlobalSection(ProjectConfigurationPlatforms) = postSolution
		{273A3CBB-32E7-43FD-B7CF-356EE9F89A1A}.Debug|x64.ActiveCfg = Debug|x64
		{273A3CBB-32E7-43FD-B7CF-356EE9F89A1A}.Debug|x64.Build.0 = Debug|x64
		{273A3CBB-32E7-43FD-B7CF-356EE9F89A1A}.Release|x64.ActiveCfg = Release|x64
		{273A3CBB-32E7-43FD-B7CF-356EE9F89A1A}.Release|x64.Build.0 = Release|x64
		{2528B336-E6FA-4AFB-98BC-5A4A633E9D34}.Debug|x64.ActiveCfg = Debug|x64
		{2528B336-E6FA-4AFB-98BC-5A4A633E9D34}.Debug|x64.Build.0 = Debug|x64
		{2528B336-E6FA-4AFB-98BC-5A4A633E9D34}.Release|x64.ActiveCfg = Release|x64
		{2528B336-E6FA-4AFB-98BC-5A4A633E9D34}.Release|x64.Build.0 = Release|x64
		{43C173DE-3B5C-4D6E-AE44-542E1320163C}.Debug|x64.ActiveCfg = Debug|x64
		{43C173DE-3B5C-4D6E-AE44-542E1320163C}.Debug|x64.Build.0 = Debug|x64
		{43C173DE-3B5C-4D6E-AE44-542E1320163C}.Release|x64.ActiveCfg = Release|x64
		{43C173DE-3B5C-4D6E-AE44-542E1320163C}.Release|x64.Build.0 = Release|x64
		{903B2D4D-6A6D-4BA4-8A89-BF6853BC6D3E}.Debug|x64.ActiveCfg = Debug|x64
		{903B2D4D-6A6D-4BA4-8A89-BF6853BC6D3E}.Debug|x64.Build.0 = Debug|x64
		{903B2D4D-6A6D-4BA4-8A89-BF6853BC6D3E}.Release|x64.ActiveCfg = Release|x64
		{903B2D4D-6A6D-4BA4-8A89-BF6853BC6D3E}.Release|x64.Build.0 = Release|x64
		{B82E10B6-633A-4565-AFC4-F6F220D25290}.Debug|x64.ActiveCfg = Debug|x64
		{B82E10B6-633A-4565-AFC4-F6F220D25290}.Debug|x64.Build.0 = Debug|x64
		{B82E10B6-633A-4565-AFC4-F6F220D25290}.Release|x64.ActiveCfg = Release|x64
		{B82E10B6-633A-4565-AFC4-F6F220D25290}.Release|x64.Build.0 = Release|x64
		{A1F66E6E-1BDA-4DBB-A1BE-BA4E8A682B20}.Debug|x64.ActiveCfg = Debug|x64
		{A1F66E6E-1BDA-4DBB-A1BE-BA4E8A682B20}.Debug|x64.Build.0 = Debug|x64
		{A1F66E6E-1BDA-4DBB-A1BE-BA4E8A682B20}.Release|x64.ActiveCfg = Release|x64
		{A1F66E6E-1BDA-4DBB-A1BE-BA4E8A682B20}.Release|x64.Build.0 = Release|x64
		{F4F82694-457F-4897-A9FC-EE7D756260D4}.Debug|x64.ActiveCfg = Debug|x64
		{F4F82694-457F-4897-A9FC-EE7D756260D4}.Debug|x64.Build.0 = Debug|x64
		{F4F82694-457F-4897-A9FC-EE7D756260D4}.Release|x64.ActiveCfg = Release|x64
		{F4F82694-457F-4897-A9FC-EE7D756260D4}.Release|x64.Build.0 = Release|x64
		{434E6CFE-4574-45FF-B891-117D8548C9B9}.Debug|x64.ActiveCfg = Debug|x64
		{434E6CFE-4574-45FF-B891-117D8548C9B9}.Debug|x64.Build.0 = Debug|x64
		{434E6CFE-4574-45FF-B891-117D8548C9B9}.Release|x64.ActiveCfg = Release|x64
		{434E6CFE-4574-45FF-B891-117D8548C9B9}.Release|x64.Build.0 = Release|x64
		{45A603D3-7E2F-4DEF-9145-5EC75AB54916}.Debug|x64.ActiveCfg = Debug|x64
		{45A603D3-7E2F-4DEF-9145-5EC75AB54916}.Debug|x64.Build.0 = Debug|x64
		{45A603D3-7E2F-4DEF-9145-5EC75AB54916}.Release|x64.ActiveCfg = Release|x64
		{45A603D3-7E2F-4DEF-9145-5EC75AB54916}.Release|x64.Build.0 = Release|x64
		{0DB78F44-A87A-4614-9B1E-F5B391852B5B}.Debug|x64.ActiveCfg = Debug|x64
		{0DB78F44-A87A-4614-9B1E-F5B391852B5B}.Debug|x64.Build.0 = Debug|x64
		{0DB78F44-A87A-4614-9B1E-F5B391852B5B}.Release|x64.ActiveCfg = Release|x64
		{0DB78F44-A87A-4614-9B1E-F5B391852B5B}.Release|x64.Build.0 = Release|x64
	EndGlobalSection
	GlobalSection(SolutionProperties) = preSolution
		HideSolutionNode = FALSE
	EndGlobalSection
	GlobalSection(NestedProjects) = preSolution
		{1904F7A8-0A3C-48C1-9D30-A706A9F8B7EC} = {528A6620-C4F1-4027-8A8B-1A7F4BE6974A}
		{CCCA168C-4AE0-4C51-9DD8-61ED9054CE58} = {528A6620-C4F1-4027-8A8B-1A7F4BE6974A}
		{273A3CBB-32E7-43FD-B7CF-356EE9F89A1A} = {1904F7A8-0A3C-48C1-9D30-A706A9F8B7EC}
		{2528B336-E6FA-4AFB-98BC-5A4A633E9D34} = {1904F7A8-0A3C-48C1-9D30-A706A9F8B7EC}
		{43C173DE-3B5C-4D6E-AE44-542E1320163C} = {1904F7A8-0A3C-48C1-9D30-A706A9F8B7EC}
		{903B2D4D-6A6D-4BA4-8A89-BF6853BC6D3E} = {1904F7A8-0A3C-48C1-9D30-A706A9F8B7EC}
		{B82E10B6-633A-4565-AFC4-F6F220D25290} = {1904F7A8-0A3C-48C1-9D30-A706A9F8B7EC}
		{A1F66E6E-1BDA-4DBB-A1BE-BA4E8A682B20} = {1904F7A8-0A3C-48C1-9D30-A706A9F8B7EC}
		{F4F82694-457F-4897-A9FC-EE7D756260D4} = {1904F7A8-0A3C-48C1-9D30-A706A9F8B7EC}
		{434E6CFE-4574-45FF-B891-117D8548C9B9} = {CCCA168C-4AE0-4C51-9DD8-61ED9054CE58}
		{45A603D3-7E2F-4DEF-9145-5EC75AB54916} = {1904F7A8-0A3C-48C1-9D30-A706A9F8B7EC}
		{0DB78F44-A87A-4614-9B1E-F5B391852B5B} = {1904F7A8-0A3C-48C1-9D30-A706A9F8B7EC}
	EndGlobalSection
	GlobalSection(ExtensibilityGlobals) = postSolution
		SolutionGuid = {79766D19-E146-49E6-8CAE-DE42935A463C}
	EndGlobalSection
EndGlobal
